
Microsoft Visual Studio Solution File, Format Version 12.00
# Visual Studio Version 16
VisualStudioVersion = 16.0.30128.74
MinimumVisualStudioVersion = 10.0.40219.1
Project("{FAE04EC0-301F-11D3-BF4B-00C04F79EFBC}") = "MW5MercsEnhancedStats", "MW5MercsEnhancedStats\MW5MercsEnhancedStats.csproj", "{9D41F7E8-CA95-4D53-9E16-5570A87FE2DF}"
EndProject
Global
	GlobalSection(SolutionConfigurationPlatforms) = preSolution
		Debug|Any CPU = Debug|Any CPU
		Release|Any CPU = Release|Any CPU
	EndGlobalSection
	GlobalSection(ProjectConfigurationPlatforms) = postSolution
		{9D41F7E8-CA95-4D53-9E16-5570A87FE2DF}.Debug|Any CPU.ActiveCfg = Debug|Any CPU
		{9D41F7E8-CA95-4D53-9E16-5570A87FE2DF}.Debug|Any CPU.Build.0 = Debug|Any CPU
		{9D41F7E8-CA95-4D53-9E16-5570A87FE2DF}.Release|Any CPU.ActiveCfg = Release|Any CPU
		{9D41F7E8-CA95-4D53-9E16-5570A87FE2DF}.Release|Any CPU.Build.0 = Release|Any CPU
	EndGlobalSection
	GlobalSection(SolutionProperties) = preSolution
		HideSolutionNode = FALSE
	EndGlobalSection
	GlobalSection(ExtensibilityGlobals) = postSolution
		SolutionGuid = {14E877A3-A899-4BB2-AEE6-73E9A46452CD}
	EndGlobalSection
EndGlobal
